
Microsoft Visual Studio Solution File, Format Version 12.00
# Visual Studio 15
VisualStudioVersion = 15.0.28307.852
MinimumVisualStudioVersion = 10.0.40219.1
Project("{FAE04EC0-301F-11D3-BF4B-00C04F79EFBC}") = "KurumsalWeb", "KurumsalWeb\KurumsalWeb.csproj", "{256F6326-C92B-4404-B9A4-2D636F5D155F}"
EndProject
Global
	GlobalSection(SolutionConfigurationPlatforms) = preSolution
		Debug|Any CPU = Debug|Any CPU
		Release|Any CPU = Release|Any CPU
	EndGlobalSection
	GlobalSection(ProjectConfigurationPlatforms) = postSolution
		{256F6326-C92B-4404-B9A4-2D636F5D155F}.Debug|Any CPU.ActiveCfg = Debug|Any CPU
		{256F6326-C92B-4404-B9A4-2D636F5D155F}.Debug|Any CPU.Build.0 = Debug|Any CPU
		{256F6326-C92B-4404-B9A4-2D636F5D155F}.Release|Any CPU.ActiveCfg = Release|Any CPU
		{256F6326-C92B-4404-B9A4-2D636F5D155F}.Release|Any CPU.Build.0 = Release|Any CPU
	EndGlobalSection
	GlobalSection(SolutionProperties) = preSolution
		HideSolutionNode = FALSE
	EndGlobalSection
	GlobalSection(ExtensibilityGlobals) = postSolution
		SolutionGuid = {727D3CCF-64B3-4B77-809A-E0AE513DBADA}
	EndGlobalSection
EndGlobal
